// !$*UTF8*$!
{
	archiveVersion = 1;
	classes = {
	};
	objectVersion = 51;
	objects = {

/* Begin PBXBuildFile section */
		2F8DCB91267A827900A9EB9B /* DashboardViewController.swift in Sources */ = {isa = PBXBuildFile; fileRef = 2F8DCB90267A827900A9EB9B /* DashboardViewController.swift */; };
		2F94F32226792FB6008DC939 /* Founders Grotesk - Bold Italic.otf in Resources */ = {isa = PBXBuildFile; fileRef = 2F94F32126792FB6008DC939 /* Founders Grotesk - Bold Italic.otf */; };
		2F94F32426792FF8008DC939 /* Founders Grotesk - Bold.otf in Resources */ = {isa = PBXBuildFile; fileRef = 2F94F32326792FF8008DC939 /* Founders Grotesk - Bold.otf */; };
		2F94F32626793014008DC939 /* Founders Grotesk - Light Italic.otf in Resources */ = {isa = PBXBuildFile; fileRef = 2F94F32526793014008DC939 /* Founders Grotesk - Light Italic.otf */; };
		2F94F32826793026008DC939 /* Founders Grotesk - Light.otf in Resources */ = {isa = PBXBuildFile; fileRef = 2F94F32726793026008DC939 /* Founders Grotesk - Light.otf */; };
		2F94F32A26793031008DC939 /* Founders Grotesk - Medium Italic.otf in Resources */ = {isa = PBXBuildFile; fileRef = 2F94F32926793031008DC939 /* Founders Grotesk - Medium Italic.otf */; };
		2F94F32E26793057008DC939 /* Founders Grotesk - Regular Italic.otf in Resources */ = {isa = PBXBuildFile; fileRef = 2F94F32D26793057008DC939 /* Founders Grotesk - Regular Italic.otf */; };
		2F94F33126793070008DC939 /* Founders Grotesk - Semibold Italic.otf in Resources */ = {isa = PBXBuildFile; fileRef = 2F94F33026793070008DC939 /* Founders Grotesk - Semibold Italic.otf */; };
		2F94F334267930BC008DC939 /* Founders Grotesk - Medium.otf in Resources */ = {isa = PBXBuildFile; fileRef = 2F94F333267930BC008DC939 /* Founders Grotesk - Medium.otf */; };
		2F94F337267936FE008DC939 /* ExtensionClass.swift in Sources */ = {isa = PBXBuildFile; fileRef = 2F94F336267936FE008DC939 /* ExtensionClass.swift */; };
		62425F4F009A57191F49A7FF /* Pods_Fundall_Test.framework in Frameworks */ = {isa = PBXBuildFile; fileRef = 9A0F35241A9AC327259DC20D /* Pods_Fundall_Test.framework */; };
		D00BE9FF26787E3100A70F5D /* Register User Model.swift in Sources */ = {isa = PBXBuildFile; fileRef = D00BE9FE26787E3100A70F5D /* Register User Model.swift */; };
		D00BEA03267890C200A70F5D /* AlertMessage.swift in Sources */ = {isa = PBXBuildFile; fileRef = D00BEA02267890C200A70F5D /* AlertMessage.swift */; };
		D068D17826783D2100D32807 /* WelcomeBackScreenViewController.swift in Sources */ = {isa = PBXBuildFile; fileRef = D068D17726783D2100D32807 /* WelcomeBackScreenViewController.swift */; };
		D068D17B26783D6C00D32807 /* SignInScreenViewController.swift in Sources */ = {isa = PBXBuildFile; fileRef = D068D17A26783D6C00D32807 /* SignInScreenViewController.swift */; };
		D068D17E2678415800D32807 /* ResponsiveFont.swift in Sources */ = {isa = PBXBuildFile; fileRef = D068D17D2678415800D32807 /* ResponsiveFont.swift */; };
		D0B1C08026771D1300F7FC6F /* AppDelegate.swift in Sources */ = {isa = PBXBuildFile; fileRef = D0B1C07F26771D1300F7FC6F /* AppDelegate.swift */; };
		D0B1C08226771D1300F7FC6F /* SceneDelegate.swift in Sources */ = {isa = PBXBuildFile; fileRef = D0B1C08126771D1300F7FC6F /* SceneDelegate.swift */; };
		D0B1C08426771D1300F7FC6F /* SignUpScreen.swift in Sources */ = {isa = PBXBuildFile; fileRef = D0B1C08326771D1300F7FC6F /* SignUpScreen.swift */; };
		D0B1C08726771D1300F7FC6F /* Main.storyboard in Resources */ = {isa = PBXBuildFile; fileRef = D0B1C08526771D1300F7FC6F /* Main.storyboard */; };
		D0B1C08926771D1500F7FC6F /* Assets.xcassets in Resources */ = {isa = PBXBuildFile; fileRef = D0B1C08826771D1500F7FC6F /* Assets.xcassets */; };
		D0B1C08C26771D1500F7FC6F /* LaunchScreen.storyboard in Resources */ = {isa = PBXBuildFile; fileRef = D0B1C08A26771D1500F7FC6F /* LaunchScreen.storyboard */; };
		D0B5A85B26786EBF00799002 /* NetworkingClass.swift in Sources */ = {isa = PBXBuildFile; fileRef = D0B5A85A26786EBF00799002 /* NetworkingClass.swift */; };
/* End PBXBuildFile section */

/* Begin PBXFileReference section */
		1721608089584E35A1F9FE2E /* Pods-Fundall Test.release.xcconfig */ = {isa = PBXFileReference; includeInIndex = 1; lastKnownFileType = text.xcconfig; name = "Pods-Fundall Test.release.xcconfig"; path = "Target Support Files/Pods-Fundall Test/Pods-Fundall Test.release.xcconfig"; sourceTree = "<group>"; };
		195E448454D53B045F4C8246 /* Pods-Fundall Test.debug.xcconfig */ = {isa = PBXFileReference; includeInIndex = 1; lastKnownFileType = text.xcconfig; name = "Pods-Fundall Test.debug.xcconfig"; path = "Target Support Files/Pods-Fundall Test/Pods-Fundall Test.debug.xcconfig"; sourceTree = "<group>"; };
		2F8DCB90267A827900A9EB9B /* DashboardViewController.swift */ = {isa = PBXFileReference; lastKnownFileType = sourcecode.swift; path = DashboardViewController.swift; sourceTree = "<group>"; };
		2F94F32126792FB6008DC939 /* Founders Grotesk - Bold Italic.otf */ = {isa = PBXFileReference; lastKnownFileType = file; path = "Founders Grotesk - Bold Italic.otf"; sourceTree = "<group>"; };
		2F94F32326792FF8008DC939 /* Founders Grotesk - Bold.otf */ = {isa = PBXFileReference; lastKnownFileType = file; path = "Founders Grotesk - Bold.otf"; sourceTree = "<group>"; };
		2F94F32526793014008DC939 /* Founders Grotesk - Light Italic.otf */ = {isa = PBXFileReference; lastKnownFileType = file; path = "Founders Grotesk - Light Italic.otf"; sourceTree = "<group>"; };
		2F94F32726793026008DC939 /* Founders Grotesk - Light.otf */ = {isa = PBXFileReference; lastKnownFileType = file; path = "Founders Grotesk - Light.otf"; sourceTree = "<group>"; };
		2F94F32926793031008DC939 /* Founders Grotesk - Medium Italic.otf */ = {isa = PBXFileReference; lastKnownFileType = file; path = "Founders Grotesk - Medium Italic.otf"; sourceTree = "<group>"; };
		2F94F32D26793057008DC939 /* Founders Grotesk - Regular Italic.otf */ = {isa = PBXFileReference; lastKnownFileType = file; path = "Founders Grotesk - Regular Italic.otf"; sourceTree = "<group>"; };
		2F94F32F2679305F008DC939 /* Founders Grotesk - Regular.otf */ = {isa = PBXFileReference; lastKnownFileType = file; path = "Founders Grotesk - Regular.otf"; sourceTree = "<group>"; };
		2F94F33026793070008DC939 /* Founders Grotesk - Semibold Italic.otf */ = {isa = PBXFileReference; lastKnownFileType = file; path = "Founders Grotesk - Semibold Italic.otf"; sourceTree = "<group>"; };
		2F94F33226793078008DC939 /* Founders Grotesk - Semibold.otf */ = {isa = PBXFileReference; lastKnownFileType = file; path = "Founders Grotesk - Semibold.otf"; sourceTree = "<group>"; };
		2F94F333267930BC008DC939 /* Founders Grotesk - Medium.otf */ = {isa = PBXFileReference; lastKnownFileType = file; path = "Founders Grotesk - Medium.otf"; sourceTree = "<group>"; };
		2F94F336267936FE008DC939 /* ExtensionClass.swift */ = {isa = PBXFileReference; lastKnownFileType = sourcecode.swift; path = ExtensionClass.swift; sourceTree = "<group>"; };
		9A0F35241A9AC327259DC20D /* Pods_Fundall_Test.framework */ = {isa = PBXFileReference; explicitFileType = wrapper.framework; includeInIndex = 0; path = Pods_Fundall_Test.framework; sourceTree = BUILT_PRODUCTS_DIR; };
		D00BE9FE26787E3100A70F5D /* Register User Model.swift */ = {isa = PBXFileReference; lastKnownFileType = sourcecode.swift; path = "Register User Model.swift"; sourceTree = "<group>"; };
		D00BEA02267890C200A70F5D /* AlertMessage.swift */ = {isa = PBXFileReference; lastKnownFileType = sourcecode.swift; path = AlertMessage.swift; sourceTree = "<group>"; };
		D068D17726783D2100D32807 /* WelcomeBackScreenViewController.swift */ = {isa = PBXFileReference; lastKnownFileType = sourcecode.swift; path = WelcomeBackScreenViewController.swift; sourceTree = "<group>"; };
		D068D17A26783D6C00D32807 /* SignInScreenViewController.swift */ = {isa = PBXFileReference; lastKnownFileType = sourcecode.swift; path = SignInScreenViewController.swift; sourceTree = "<group>"; };
		D068D17D2678415800D32807 /* ResponsiveFont.swift */ = {isa = PBXFileReference; lastKnownFileType = sourcecode.swift; path = ResponsiveFont.swift; sourceTree = "<group>"; };
		D0B1C07C26771D1300F7FC6F /* Fundall Test.app */ = {isa = PBXFileReference; explicitFileType = wrapper.application; includeInIndex = 0; path = "Fundall Test.app"; sourceTree = BUILT_PRODUCTS_DIR; };
		D0B1C07F26771D1300F7FC6F /* AppDelegate.swift */ = {isa = PBXFileReference; lastKnownFileType = sourcecode.swift; path = AppDelegate.swift; sourceTree = "<group>"; };
		D0B1C08126771D1300F7FC6F /* SceneDelegate.swift */ = {isa = PBXFileReference; lastKnownFileType = sourcecode.swift; path = SceneDelegate.swift; sourceTree = "<group>"; };
		D0B1C08326771D1300F7FC6F /* SignUpScreen.swift */ = {isa = PBXFileReference; lastKnownFileType = sourcecode.swift; path = SignUpScreen.swift; sourceTree = "<group>"; };
		D0B1C08626771D1300F7FC6F /* Base */ = {isa = PBXFileReference; lastKnownFileType = file.storyboard; name = Base; path = Base.lproj/Main.storyboard; sourceTree = "<group>"; };
		D0B1C08826771D1500F7FC6F /* Assets.xcassets */ = {isa = PBXFileReference; lastKnownFileType = folder.assetcatalog; path = Assets.xcassets; sourceTree = "<group>"; };
		D0B1C08B26771D1500F7FC6F /* Base */ = {isa = PBXFileReference; lastKnownFileType = file.storyboard; name = Base; path = Base.lproj/LaunchScreen.storyboard; sourceTree = "<group>"; };
		D0B1C08D26771D1500F7FC6F /* Info.plist */ = {isa = PBXFileReference; lastKnownFileType = text.plist.xml; path = Info.plist; sourceTree = "<group>"; };
		D0B5A85A26786EBF00799002 /* NetworkingClass.swift */ = {isa = PBXFileReference; lastKnownFileType = sourcecode.swift; path = NetworkingClass.swift; sourceTree = "<group>"; };
/* End PBXFileReference section */

/* Begin PBXFrameworksBuildPhase section */
		D0B1C07926771D1300F7FC6F /* Frameworks */ = {
			isa = PBXFrameworksBuildPhase;
			buildActionMask = 2147483647;
			files = (
				62425F4F009A57191F49A7FF /* Pods_Fundall_Test.framework in Frameworks */,
			);
			runOnlyForDeploymentPostprocessing = 0;
		};
/* End PBXFrameworksBuildPhase section */

/* Begin PBXGroup section */
		0CAC34F626F77DB6A50F8748 /* Pods */ = {
			isa = PBXGroup;
			children = (
				195E448454D53B045F4C8246 /* Pods-Fundall Test.debug.xcconfig */,
				1721608089584E35A1F9FE2E /* Pods-Fundall Test.release.xcconfig */,
			);
			path = Pods;
			sourceTree = "<group>";
		};
		2F8DCB8F267A824C00A9EB9B /* Dashboard */ = {
			isa = PBXGroup;
			children = (
				2F8DCB90267A827900A9EB9B /* DashboardViewController.swift */,
			);
			path = Dashboard;
			sourceTree = "<group>";
		};
		2F94F32026792F9B008DC939 /* Fonts */ = {
			isa = PBXGroup;
			children = (
				2F94F32126792FB6008DC939 /* Founders Grotesk - Bold Italic.otf */,
				2F94F32326792FF8008DC939 /* Founders Grotesk - Bold.otf */,
				2F94F32526793014008DC939 /* Founders Grotesk - Light Italic.otf */,
				2F94F32926793031008DC939 /* Founders Grotesk - Medium Italic.otf */,
				2F94F32D26793057008DC939 /* Founders Grotesk - Regular Italic.otf */,
				2F94F33226793078008DC939 /* Founders Grotesk - Semibold.otf */,
				2F94F32F2679305F008DC939 /* Founders Grotesk - Regular.otf */,
				2F94F33026793070008DC939 /* Founders Grotesk - Semibold Italic.otf */,
				2F94F333267930BC008DC939 /* Founders Grotesk - Medium.otf */,
				2F94F32726793026008DC939 /* Founders Grotesk - Light.otf */,
			);
			path = Fonts;
			sourceTree = "<group>";
		};
		2F94F335267936E8008DC939 /* Extensions */ = {
			isa = PBXGroup;
			children = (
				2F94F336267936FE008DC939 /* ExtensionClass.swift */,
			);
			path = Extensions;
			sourceTree = "<group>";
		};
		C124089813E8E7163DEA0663 /* Frameworks */ = {
			isa = PBXGroup;
			children = (
				9A0F35241A9AC327259DC20D /* Pods_Fundall_Test.framework */,
			);
			name = Frameworks;
			sourceTree = "<group>";
		};
		D00BEA002678909E00A70F5D /* Alert */ = {
			isa = PBXGroup;
			children = (
				D00BEA02267890C200A70F5D /* AlertMessage.swift */,
			);
			path = Alert;
			sourceTree = "<group>";
		};
		D068D17326783C8200D32807 /* Sign Up Screen */ = {
			isa = PBXGroup;
			children = (
				D0B1C08326771D1300F7FC6F /* SignUpScreen.swift */,
			);
			path = "Sign Up Screen";
			sourceTree = "<group>";
		};
		D068D17426783CA500D32807 /* Register and Auth */ = {
			isa = PBXGroup;
			children = (
				D068D17926783D5400D32807 /* Sign In Screen */,
				D068D17626783CE900D32807 /* Welcome Back Screen */,
				D068D17326783C8200D32807 /* Sign Up Screen */,
			);
			path = "Register and Auth";
			sourceTree = "<group>";
		};
		D068D17626783CE900D32807 /* Welcome Back Screen */ = {
			isa = PBXGroup;
			children = (
				D068D17726783D2100D32807 /* WelcomeBackScreenViewController.swift */,
			);
			path = "Welcome Back Screen";
			sourceTree = "<group>";
		};
		D068D17926783D5400D32807 /* Sign In Screen */ = {
			isa = PBXGroup;
			children = (
				D068D17A26783D6C00D32807 /* SignInScreenViewController.swift */,
			);
			path = "Sign In Screen";
			sourceTree = "<group>";
		};
		D068D17C2678411600D32807 /* Helper Functions */ = {
			isa = PBXGroup;
			children = (
				D068D17D2678415800D32807 /* ResponsiveFont.swift */,
			);
			path = "Helper Functions";
			sourceTree = "<group>";
		};
		D0B1C07326771D1300F7FC6F = {
			isa = PBXGroup;
			children = (
				D0B1C07E26771D1300F7FC6F /* Fundall Test */,
				D0B1C07D26771D1300F7FC6F /* Products */,
				0CAC34F626F77DB6A50F8748 /* Pods */,
				C124089813E8E7163DEA0663 /* Frameworks */,
			);
			sourceTree = "<group>";
		};
		D0B1C07D26771D1300F7FC6F /* Products */ = {
			isa = PBXGroup;
			children = (
				D0B1C07C26771D1300F7FC6F /* Fundall Test.app */,
			);
			name = Products;
			sourceTree = "<group>";
		};
		D0B1C07E26771D1300F7FC6F /* Fundall Test */ = {
			isa = PBXGroup;
			children = (
				2F94F335267936E8008DC939 /* Extensions */,
				2F94F32026792F9B008DC939 /* Fonts */,
				D00BEA002678909E00A70F5D /* Alert */,
				D068D17C2678411600D32807 /* Helper Functions */,
				D0B1C09626771ECE00F7FC6F /* Api Resources */,
				D0B1C09326771EA400F7FC6F /* Model */,
				D0B1C09426771EB100F7FC6F /* View */,
				D0B1C09526771EC300F7FC6F /* Controller */,
				D0B1C07F26771D1300F7FC6F /* AppDelegate.swift */,
				D0B1C08126771D1300F7FC6F /* SceneDelegate.swift */,
				D0B1C08826771D1500F7FC6F /* Assets.xcassets */,
				D0B1C08D26771D1500F7FC6F /* Info.plist */,
			);
			path = "Fundall Test";
			sourceTree = "<group>";
		};
		D0B1C09326771EA400F7FC6F /* Model */ = {
			isa = PBXGroup;
			children = (
				D00BE9FE26787E3100A70F5D /* Register User Model.swift */,
			);
			path = Model;
			sourceTree = "<group>";
		};
		D0B1C09426771EB100F7FC6F /* View */ = {
			isa = PBXGroup;
			children = (
				D0B1C08A26771D1500F7FC6F /* LaunchScreen.storyboard */,
				D0B1C08526771D1300F7FC6F /* Main.storyboard */,
			);
			path = View;
			sourceTree = "<group>";
		};
		D0B1C09526771EC300F7FC6F /* Controller */ = {
			isa = PBXGroup;
			children = (
				2F8DCB8F267A824C00A9EB9B /* Dashboard */,
				D068D17426783CA500D32807 /* Register and Auth */,
			);
			path = Controller;
			sourceTree = "<group>";
		};
		D0B1C09626771ECE00F7FC6F /* Api Resources */ = {
			isa = PBXGroup;
			children = (
				D0B5A85A26786EBF00799002 /* NetworkingClass.swift */,
			);
			path = "Api Resources";
			sourceTree = "<group>";
		};
/* End PBXGroup section */

/* Begin PBXNativeTarget section */
		D0B1C07B26771D1300F7FC6F /* Fundall Test */ = {
			isa = PBXNativeTarget;
			buildConfigurationList = D0B1C09026771D1500F7FC6F /* Build configuration list for PBXNativeTarget "Fundall Test" */;
			buildPhases = (
				31B2B9B3A9E5FEAD00E20472 /* [CP] Check Pods Manifest.lock */,
				D0B1C07826771D1300F7FC6F /* Sources */,
				D0B1C07926771D1300F7FC6F /* Frameworks */,
				D0B1C07A26771D1300F7FC6F /* Resources */,
				D62AFFAED953056EA412F6FF /* [CP] Embed Pods Frameworks */,
			);
			buildRules = (
			);
			dependencies = (
			);
			name = "Fundall Test";
			productName = "Fundall Test";
			productReference = D0B1C07C26771D1300F7FC6F /* Fundall Test.app */;
			productType = "com.apple.product-type.application";
		};
/* End PBXNativeTarget section */

/* Begin PBXProject section */
		D0B1C07426771D1300F7FC6F /* Project object */ = {
			isa = PBXProject;
			attributes = {
				LastSwiftUpdateCheck = 1250;
				LastUpgradeCheck = 1250;
				TargetAttributes = {
					D0B1C07B26771D1300F7FC6F = {
						CreatedOnToolsVersion = 12.5;
					};
				};
			};
			buildConfigurationList = D0B1C07726771D1300F7FC6F /* Build configuration list for PBXProject "Fundall Test" */;
			compatibilityVersion = "Xcode 9.3";
			developmentRegion = en;
			hasScannedForEncodings = 0;
			knownRegions = (
				en,
				Base,
			);
			mainGroup = D0B1C07326771D1300F7FC6F;
			productRefGroup = D0B1C07D26771D1300F7FC6F /* Products */;
			projectDirPath = "";
			projectRoot = "";
			targets = (
				D0B1C07B26771D1300F7FC6F /* Fundall Test */,
			);
		};
/* End PBXProject section */

/* Begin PBXResourcesBuildPhase section */
		D0B1C07A26771D1300F7FC6F /* Resources */ = {
			isa = PBXResourcesBuildPhase;
			buildActionMask = 2147483647;
			files = (
				D0B1C08C26771D1500F7FC6F /* LaunchScreen.storyboard in Resources */,
				2F94F32826793026008DC939 /* Founders Grotesk - Light.otf in Resources */,
				D0B1C08926771D1500F7FC6F /* Assets.xcassets in Resources */,
				2F94F32426792FF8008DC939 /* Founders Grotesk - Bold.otf in Resources */,
				2F94F32A26793031008DC939 /* Founders Grotesk - Medium Italic.otf in Resources */,
				2F94F32226792FB6008DC939 /* Founders Grotesk - Bold Italic.otf in Resources */,
				2F94F33126793070008DC939 /* Founders Grotesk - Semibold Italic.otf in Resources */,
				2F94F334267930BC008DC939 /* Founders Grotesk - Medium.otf in Resources */,
				2F94F32626793014008DC939 /* Founders Grotesk - Light Italic.otf in Resources */,
				2F94F32E26793057008DC939 /* Founders Grotesk - Regular Italic.otf in Resources */,
				D0B1C08726771D1300F7FC6F /* Main.storyboard in Resources */,
			);
			runOnlyForDeploymentPostprocessing = 0;
		};
/* End PBXResourcesBuildPhase section */

/* Begin PBXShellScriptBuildPhase section */
		31B2B9B3A9E5FEAD00E20472 /* [CP] Check Pods Manifest.lock */ = {
			isa = PBXShellScriptBuildPhase;
			buildActionMask = 2147483647;
			files = (
			);
			inputFileListPaths = (
			);
			inputPaths = (
				"${PODS_PODFILE_DIR_PATH}/Podfile.lock",
				"${PODS_ROOT}/Manifest.lock",
			);
			name = "[CP] Check Pods Manifest.lock";
			outputFileListPaths = (
			);
			outputPaths = (
				"$(DERIVED_FILE_DIR)/Pods-Fundall Test-checkManifestLockResult.txt",
			);
			runOnlyForDeploymentPostprocessing = 0;
			shellPath = /bin/sh;
			shellScript = "diff \"${PODS_PODFILE_DIR_PATH}/Podfile.lock\" \"${PODS_ROOT}/Manifest.lock\" > /dev/null\nif [ $? != 0 ] ; then\n    # print error to STDERR\n    echo \"error: The sandbox is not in sync with the Podfile.lock. Run 'pod install' or update your CocoaPods installation.\" >&2\n    exit 1\nfi\n# This output is used by Xcode 'outputs' to avoid re-running this script phase.\necho \"SUCCESS\" > \"${SCRIPT_OUTPUT_FILE_0}\"\n";
			showEnvVarsInLog = 0;
		};
		D62AFFAED953056EA412F6FF /* [CP] Embed Pods Frameworks */ = {
			isa = PBXShellScriptBuildPhase;
			buildActionMask = 2147483647;
			files = (
			);
			inputFileListPaths = (
				"${PODS_ROOT}/Target Support Files/Pods-Fundall Test/Pods-Fundall Test-frameworks-${CONFIGURATION}-input-files.xcfilelist",
			);
			name = "[CP] Embed Pods Frameworks";
			outputFileListPaths = (
				"${PODS_ROOT}/Target Support Files/Pods-Fundall Test/Pods-Fundall Test-frameworks-${CONFIGURATION}-output-files.xcfilelist",
			);
			runOnlyForDeploymentPostprocessing = 0;
			shellPath = /bin/sh;
			shellScript = "\"${PODS_ROOT}/Target Support Files/Pods-Fundall Test/Pods-Fundall Test-frameworks.sh\"\n";
			showEnvVarsInLog = 0;
		};
/* End PBXShellScriptBuildPhase section */

/* Begin PBXSourcesBuildPhase section */
		D0B1C07826771D1300F7FC6F /* Sources */ = {
			isa = PBXSourcesBuildPhase;
			buildActionMask = 2147483647;
			files = (
				2F94F337267936FE008DC939 /* ExtensionClass.swift in Sources */,
				D0B5A85B26786EBF00799002 /* NetworkingClass.swift in Sources */,
				D00BEA03267890C200A70F5D /* AlertMessage.swift in Sources */,
				D00BE9FF26787E3100A70F5D /* Register User Model.swift in Sources */,
				D068D17826783D2100D32807 /* WelcomeBackScreenViewController.swift in Sources */,
				D068D17B26783D6C00D32807 /* SignInScreenViewController.swift in Sources */,
				D0B1C08426771D1300F7FC6F /* SignUpScreen.swift in Sources */,
				D0B1C08026771D1300F7FC6F /* AppDelegate.swift in Sources */,
				2F8DCB91267A827900A9EB9B /* DashboardViewController.swift in Sources */,
				D068D17E2678415800D32807 /* ResponsiveFont.swift in Sources */,
				D0B1C08226771D1300F7FC6F /* SceneDelegate.swift in Sources */,
			);
			runOnlyForDeploymentPostprocessing = 0;
		};
/* End PBXSourcesBuildPhase section */

/* Begin PBXVariantGroup section */
		D0B1C08526771D1300F7FC6F /* Main.storyboard */ = {
			isa = PBXVariantGroup;
			children = (
				D0B1C08626771D1300F7FC6F /* Base */,
			);
			name = Main.storyboard;
			sourceTree = "<group>";
		};
		D0B1C08A26771D1500F7FC6F /* LaunchScreen.storyboard */ = {
			isa = PBXVariantGroup;
			children = (
				D0B1C08B26771D1500F7FC6F /* Base */,
			);
			name = LaunchScreen.storyboard;
			sourceTree = "<group>";
		};
/* End PBXVariantGroup section */

/* Begin XCBuildConfiguration section */
		D0B1C08E26771D1500F7FC6F /* Debug */ = {
			isa = XCBuildConfiguration;
			buildSettings = {
				ALWAYS_SEARCH_USER_PATHS = NO;
				CLANG_ANALYZER_NONNULL = YES;
				CLANG_ANALYZER_NUMBER_OBJECT_CONVERSION = YES_AGGRESSIVE;
				CLANG_CXX_LANGUAGE_STANDARD = "gnu++14";
				CLANG_CXX_LIBRARY = "libc++";
				CLANG_ENABLE_MODULES = YES;
				CLANG_ENABLE_OBJC_ARC = YES;
				CLANG_ENABLE_OBJC_WEAK = YES;
				CLANG_WARN_BLOCK_CAPTURE_AUTORELEASING = YES;
				CLANG_WARN_BOOL_CONVERSION = YES;
				CLANG_WARN_COMMA = YES;
				CLANG_WARN_CONSTANT_CONVERSION = YES;
				CLANG_WARN_DEPRECATED_OBJC_IMPLEMENTATIONS = YES;
				CLANG_WARN_DIRECT_OBJC_ISA_USAGE = YES_ERROR;
				CLANG_WARN_DOCUMENTATION_COMMENTS = YES;
				CLANG_WARN_EMPTY_BODY = YES;
				CLANG_WARN_ENUM_CONVERSION = YES;
				CLANG_WARN_INFINITE_RECURSION = YES;
				CLANG_WARN_INT_CONVERSION = YES;
				CLANG_WARN_NON_LITERAL_NULL_CONVERSION = YES;
				CLANG_WARN_OBJC_IMPLICIT_RETAIN_SELF = YES;
				CLANG_WARN_OBJC_LITERAL_CONVERSION = YES;
				CLANG_WARN_OBJC_ROOT_CLASS = YES_ERROR;
				CLANG_WARN_QUOTED_INCLUDE_IN_FRAMEWORK_HEADER = YES;
				CLANG_WARN_RANGE_LOOP_ANALYSIS = YES;
				CLANG_WARN_STRICT_PROTOTYPES = YES;
				CLANG_WARN_SUSPICIOUS_MOVE = YES;
				CLANG_WARN_UNGUARDED_AVAILABILITY = YES_AGGRESSIVE;
				CLANG_WARN_UNREACHABLE_CODE = YES;
				CLANG_WARN__DUPLICATE_METHOD_MATCH = YES;
				COPY_PHASE_STRIP = NO;
				DEBUG_INFORMATION_FORMAT = dwarf;
				ENABLE_STRICT_OBJC_MSGSEND = YES;
				ENABLE_TESTABILITY = YES;
				GCC_C_LANGUAGE_STANDARD = gnu11;
				GCC_DYNAMIC_NO_PIC = NO;
				GCC_NO_COMMON_BLOCKS = YES;
				GCC_OPTIMIZATION_LEVEL = 0;
				GCC_PREPROCESSOR_DEFINITIONS = (
					"DEBUG=1",
					"$(inherited)",
				);
				GCC_WARN_64_TO_32_BIT_CONVERSION = YES;
				GCC_WARN_ABOUT_RETURN_TYPE = YES_ERROR;
				GCC_WARN_UNDECLARED_SELECTOR = YES;
				GCC_WARN_UNINITIALIZED_AUTOS = YES_AGGRESSIVE;
				GCC_WARN_UNUSED_FUNCTION = YES;
				GCC_WARN_UNUSED_VARIABLE = YES;
				IPHONEOS_DEPLOYMENT_TARGET = 14.5;
				MTL_ENABLE_DEBUG_INFO = INCLUDE_SOURCE;
				MTL_FAST_MATH = YES;
				ONLY_ACTIVE_ARCH = YES;
				SDKROOT = iphoneos;
				SWIFT_ACTIVE_COMPILATION_CONDITIONS = DEBUG;
				SWIFT_OPTIMIZATION_LEVEL = "-Onone";
			};
			name = Debug;
		};
		D0B1C08F26771D1500F7FC6F /* Release */ = {
			isa = XCBuildConfiguration;
			buildSettings = {
				ALWAYS_SEARCH_USER_PATHS = NO;
				CLANG_ANALYZER_NONNULL = YES;
				CLANG_ANALYZER_NUMBER_OBJECT_CONVERSION = YES_AGGRESSIVE;
				CLANG_CXX_LANGUAGE_STANDARD = "gnu++14";
				CLANG_CXX_LIBRARY = "libc++";
				CLANG_ENABLE_MODULES = YES;
				CLANG_ENABLE_OBJC_ARC = YES;
				CLANG_ENABLE_OBJC_WEAK = YES;
				CLANG_WARN_BLOCK_CAPTURE_AUTORELEASING = YES;
				CLANG_WARN_BOOL_CONVERSION = YES;
				CLANG_WARN_COMMA = YES;
				CLANG_WARN_CONSTANT_CONVERSION = YES;
				CLANG_WARN_DEPRECATED_OBJC_IMPLEMENTATIONS = YES;
				CLANG_WARN_DIRECT_OBJC_ISA_USAGE = YES_ERROR;
				CLANG_WARN_DOCUMENTATION_COMMENTS = YES;
				CLANG_WARN_EMPTY_BODY = YES;
				CLANG_WARN_ENUM_CONVERSION = YES;
				CLANG_WARN_INFINITE_RECURSION = YES;
				CLANG_WARN_INT_CONVERSION = YES;
				CLANG_WARN_NON_LITERAL_NULL_CONVERSION = YES;
				CLANG_WARN_OBJC_IMPLICIT_RETAIN_SELF = YES;
				CLANG_WARN_OBJC_LITERAL_CONVERSION = YES;
				CLANG_WARN_OBJC_ROOT_CLASS = YES_ERROR;
				CLANG_WARN_QUOTED_INCLUDE_IN_FRAMEWORK_HEADER = YES;
				CLANG_WARN_RANGE_LOOP_ANALYSIS = YES;
				CLANG_WARN_STRICT_PROTOTYPES = YES;
				CLANG_WARN_SUSPICIOUS_MOVE = YES;
				CLANG_WARN_UNGUARDED_AVAILABILITY = YES_AGGRESSIVE;
				CLANG_WARN_UNREACHABLE_CODE = YES;
				CLANG_WARN__DUPLICATE_METHOD_MATCH = YES;
				COPY_PHASE_STRIP = NO;
				DEBUG_INFORMATION_FORMAT = "dwarf-with-dsym";
				ENABLE_NS_ASSERTIONS = NO;
				ENABLE_STRICT_OBJC_MSGSEND = YES;
				GCC_C_LANGUAGE_STANDARD = gnu11;
				GCC_NO_COMMON_BLOCKS = YES;
				GCC_WARN_64_TO_32_BIT_CONVERSION = YES;
				GCC_WARN_ABOUT_RETURN_TYPE = YES_ERROR;
				GCC_WARN_UNDECLARED_SELECTOR = YES;
				GCC_WARN_UNINITIALIZED_AUTOS = YES_AGGRESSIVE;
				GCC_WARN_UNUSED_FUNCTION = YES;
				GCC_WARN_UNUSED_VARIABLE = YES;
				IPHONEOS_DEPLOYMENT_TARGET = 14.5;
				MTL_ENABLE_DEBUG_INFO = NO;
				MTL_FAST_MATH = YES;
				SDKROOT = iphoneos;
				SWIFT_COMPILATION_MODE = wholemodule;
				SWIFT_OPTIMIZATION_LEVEL = "-O";
				VALIDATE_PRODUCT = YES;
			};
			name = Release;
		};
		D0B1C09126771D1500F7FC6F /* Debug */ = {
			isa = XCBuildConfiguration;
			baseConfigurationReference = 195E448454D53B045F4C8246 /* Pods-Fundall Test.debug.xcconfig */;
			buildSettings = {
				ASSETCATALOG_COMPILER_APPICON_NAME = AppIcon;
				ASSETCATALOG_COMPILER_GLOBAL_ACCENT_COLOR_NAME = AccentColor;
				CODE_SIGN_STYLE = Automatic;
				DEVELOPMENT_TEAM = 56FWNKLNHX;
				INFOPLIST_FILE = "Fundall Test/Info.plist";
				LD_RUNPATH_SEARCH_PATHS = (
					"$(inherited)",
					"@executable_path/Frameworks",
				);
				PRODUCT_BUNDLE_IDENTIFIER = "com.fundall.test.Fundall-Test";
				PRODUCT_NAME = "$(TARGET_NAME)";
				SWIFT_VERSION = 5.0;
				TARGETED_DEVICE_FAMILY = "1,2";
			};
			name = Debug;
		};
		D0B1C09226771D1500F7FC6F /* Release */ = {
			isa = XCBuildConfiguration;
			baseConfigurationReference = 1721608089584E35A1F9FE2E /* Pods-Fundall Test.release.xcconfig */;
			buildSettings = {
				ASSETCATALOG_COMPILER_APPICON_NAME = AppIcon;
				ASSETCATALOG_COMPILER_GLOBAL_ACCENT_COLOR_NAME = AccentColor;
				CODE_SIGN_STYLE = Automatic;
				DEVELOPMENT_TEAM = 56FWNKLNHX;
				INFOPLIST_FILE = "Fundall Test/Info.plist";
				LD_RUNPATH_SEARCH_PATHS = (
					"$(inherited)",
					"@executable_path/Frameworks",
				);
				PRODUCT_BUNDLE_IDENTIFIER = "com.fundall.test.Fundall-Test";
				PRODUCT_NAME = "$(TARGET_NAME)";
				SWIFT_VERSION = 5.0;
				TARGETED_DEVICE_FAMILY = "1,2";
			};
			name = Release;
		};
/* End XCBuildConfiguration section */

/* Begin XCConfigurationList section */
		D0B1C07726771D1300F7FC6F /* Build configuration list for PBXProject "Fundall Test" */ = {
			isa = XCConfigurationList;
			buildConfigurations = (
				D0B1C08E26771D1500F7FC6F /* Debug */,
				D0B1C08F26771D1500F7FC6F /* Release */,
			);
			defaultConfigurationIsVisible = 0;
			defaultConfigurationName = Release;
		};
		D0B1C09026771D1500F7FC6F /* Build configuration list for PBXNativeTarget "Fundall Test" */ = {
			isa = XCConfigurationList;
			buildConfigurations = (
				D0B1C09126771D1500F7FC6F /* Debug */,
				D0B1C09226771D1500F7FC6F /* Release */,
			);
			defaultConfigurationIsVisible = 0;
			defaultConfigurationName = Release;
		};
/* End XCConfigurationList section */
	};
	rootObject = D0B1C07426771D1300F7FC6F /* Project object */;
}
